<Solution>
  <Project Path="BetterHierarchy.csproj" />
  <Project Path="DOTween.Modules.csproj" />
  <Project Path="ProjectAssembly.csproj" />
  <Project Path="BetterHierarchyDemoScripts.csproj" />
  <Project Path="SceneReference.csproj" />
  <Project Path="SceneReference.Editor.csproj" />
</Solution>
